
Microsoft Visual Studio Solution File, Format Version 12.00
# Visual Studio 14
VisualStudioVersion = 14.0.25420.1
MinimumVisualStudioVersion = 10.0.40219.1
Project("{FAE04EC0-301F-11D3-BF4B-00C04F79EFBC}") = "VirtoCommerce.Mobile.SyncModule.Web", "VirtoCommerce.Mobile.SyncModule.Web\VirtoCommerce.Mobile.SyncModule.Web.csproj", "{9AD121F0-5FBC-4BAB-8C8D-CAD5C74471CE}"
EndProject
Project("{FAE04EC0-301F-11D3-BF4B-00C04F79EFBC}") = "VirtoCommerce.Mobile.SyncModule.Data", "VirtoCommerce.Mobile.SyncModule.Data\VirtoCommerce.Mobile.SyncModule.Data.csproj", "{C3982CB7-CF4A-4151-A7AC-9E9CCA6B390F}"
EndProject
Global
	GlobalSection(SolutionConfigurationPlatforms) = preSolution
		Debug|Any CPU = Debug|Any CPU
		Release|Any CPU = Release|Any CPU
	EndGlobalSection
	GlobalSection(ProjectConfigurationPlatforms) = postSolution
		{9AD121F0-5FBC-4BAB-8C8D-CAD5C74471CE}.Debug|Any CPU.ActiveCfg = Debug|Any CPU
		{9AD121F0-5FBC-4BAB-8C8D-CAD5C74471CE}.Debug|Any CPU.Build.0 = Debug|Any CPU
		{9AD121F0-5FBC-4BAB-8C8D-CAD5C74471CE}.Release|Any CPU.ActiveCfg = Release|Any CPU
		{9AD121F0-5FBC-4BAB-8C8D-CAD5C74471CE}.Release|Any CPU.Build.0 = Release|Any CPU
		{C3982CB7-CF4A-4151-A7AC-9E9CCA6B390F}.Debug|Any CPU.ActiveCfg = Debug|Any CPU
		{C3982CB7-CF4A-4151-A7AC-9E9CCA6B390F}.Debug|Any CPU.Build.0 = Debug|Any CPU
		{C3982CB7-CF4A-4151-A7AC-9E9CCA6B390F}.Release|Any CPU.ActiveCfg = Release|Any CPU
		{C3982CB7-CF4A-4151-A7AC-9E9CCA6B390F}.Release|Any CPU.Build.0 = Release|Any CPU
	EndGlobalSection
	GlobalSection(SolutionProperties) = preSolution
		HideSolutionNode = FALSE
	EndGlobalSection
EndGlobal
